
Microsoft Visual Studio Solution File, Format Version 12.00
# Visual Studio Version 17
VisualStudioVersion = 17.1.32228.430
MinimumVisualStudioVersion = 10.0.40219.1
Project("{FAE04EC0-301F-11D3-BF4B-00C04F79EFBC}") = "Lab10.Android", "Lab10\Lab10.Android\Lab10.Android.csproj", "{9F776479-4D56-4657-BDF2-319E35F2545F}"
EndProject
Project("{FAE04EC0-301F-11D3-BF4B-00C04F79EFBC}") = "Lab10.iOS", "Lab10\Lab10.iOS\Lab10.iOS.csproj", "{D7C6240E-FEC7-45A3-9E45-F222EEF2CCD2}"
EndProject
Project("{FAE04EC0-301F-11D3-BF4B-00C04F79EFBC}") = "Lab10", "Lab10\Lab10\Lab10.csproj", "{BC8ADC80-A2A2-4287-A50B-4A6AE20F5384}"
EndProject
Global
	GlobalSection(SolutionConfigurationPlatforms) = preSolution
		Debug|Any CPU = Debug|Any CPU
		Debug|iPhone = Debug|iPhone
		Debug|iPhoneSimulator = Debug|iPhoneSimulator
		Release|Any CPU = Release|Any CPU
		Release|iPhone = Release|iPhone
		Release|iPhoneSimulator = Release|iPhoneSimulator
	EndGlobalSection
	GlobalSection(ProjectConfigurationPlatforms) = postSolution
		{9F776479-4D56-4657-BDF2-319E35F2545F}.Debug|Any CPU.ActiveCfg = Debug|Any CPU
		{9F776479-4D56-4657-BDF2-319E35F2545F}.Debug|Any CPU.Build.0 = Debug|Any CPU
		{9F776479-4D56-4657-BDF2-319E35F2545F}.Debug|Any CPU.Deploy.0 = Debug|Any CPU
		{9F776479-4D56-4657-BDF2-319E35F2545F}.Debug|iPhone.ActiveCfg = Debug|Any CPU
		{9F776479-4D56-4657-BDF2-319E35F2545F}.Debug|iPhone.Build.0 = Debug|Any CPU
		{9F776479-4D56-4657-BDF2-319E35F2545F}.Debug|iPhone.Deploy.0 = Debug|Any CPU
		{9F776479-4D56-4657-BDF2-319E35F2545F}.Debug|iPhoneSimulator.ActiveCfg = Debug|Any CPU
		{9F776479-4D56-4657-BDF2-319E35F2545F}.Debug|iPhoneSimulator.Build.0 = Debug|Any CPU
		{9F776479-4D56-4657-BDF2-319E35F2545F}.Debug|iPhoneSimulator.Deploy.0 = Debug|Any CPU
		{9F776479-4D56-4657-BDF2-319E35F2545F}.Release|Any CPU.ActiveCfg = Release|Any CPU
		{9F776479-4D56-4657-BDF2-319E35F2545F}.Release|Any CPU.Build.0 = Release|Any CPU
		{9F776479-4D56-4657-BDF2-319E35F2545F}.Release|Any CPU.Deploy.0 = Release|Any CPU
		{9F776479-4D56-4657-BDF2-319E35F2545F}.Release|iPhone.ActiveCfg = Release|Any CPU
		{9F776479-4D56-4657-BDF2-319E35F2545F}.Release|iPhone.Build.0 = Release|Any CPU
		{9F776479-4D56-4657-BDF2-319E35F2545F}.Release|iPhone.Deploy.0 = Release|Any CPU
		{9F776479-4D56-4657-BDF2-319E35F2545F}.Release|iPhoneSimulator.ActiveCfg = Release|Any CPU
		{9F776479-4D56-4657-BDF2-319E35F2545F}.Release|iPhoneSimulator.Build.0 = Release|Any CPU
		{9F776479-4D56-4657-BDF2-319E35F2545F}.Release|iPhoneSimulator.Deploy.0 = Release|Any CPU
		{D7C6240E-FEC7-45A3-9E45-F222EEF2CCD2}.Debug|Any CPU.ActiveCfg = Debug|iPhone
		{D7C6240E-FEC7-45A3-9E45-F222EEF2CCD2}.Debug|Any CPU.Build.0 = Debug|iPhone
		{D7C6240E-FEC7-45A3-9E45-F222EEF2CCD2}.Debug|Any CPU.Deploy.0 = Debug|iPhone
		{D7C6240E-FEC7-45A3-9E45-F222EEF2CCD2}.Debug|iPhone.ActiveCfg = Debug|iPhone
		{D7C6240E-FEC7-45A3-9E45-F222EEF2CCD2}.Debug|iPhone.Build.0 = Debug|iPhone
		{D7C6240E-FEC7-45A3-9E45-F222EEF2CCD2}.Debug|iPhone.Deploy.0 = Debug|iPhone
		{D7C6240E-FEC7-45A3-9E45-F222EEF2CCD2}.Debug|iPhoneSimulator.ActiveCfg = Debug|iPhoneSimulator
		{D7C6240E-FEC7-45A3-9E45-F222EEF2CCD2}.Debug|iPhoneSimulator.Build.0 = Debug|iPhoneSimulator
		{D7C6240E-FEC7-45A3-9E45-F222EEF2CCD2}.Debug|iPhoneSimulator.Deploy.0 = Debug|iPhoneSimulator
		{D7C6240E-FEC7-45A3-9E45-F222EEF2CCD2}.Release|Any CPU.ActiveCfg = Release|iPhoneSimulator
		{D7C6240E-FEC7-45A3-9E45-F222EEF2CCD2}.Release|Any CPU.Build.0 = Release|iPhoneSimulator
		{D7C6240E-FEC7-45A3-9E45-F222EEF2CCD2}.Release|Any CPU.Deploy.0 = Release|iPhoneSimulator
		{D7C6240E-FEC7-45A3-9E45-F222EEF2CCD2}.Release|iPhone.ActiveCfg = Release|iPhone
		{D7C6240E-FEC7-45A3-9E45-F222EEF2CCD2}.Release|iPhone.Build.0 = Release|iPhone
		{D7C6240E-FEC7-45A3-9E45-F222EEF2CCD2}.Release|iPhone.Deploy.0 = Release|iPhone
		{D7C6240E-FEC7-45A3-9E45-F222EEF2CCD2}.Release|iPhoneSimulator.ActiveCfg = Release|iPhoneSimulator
		{D7C6240E-FEC7-45A3-9E45-F222EEF2CCD2}.Release|iPhoneSimulator.Build.0 = Release|iPhoneSimulator
		{D7C6240E-FEC7-45A3-9E45-F222EEF2CCD2}.Release|iPhoneSimulator.Deploy.0 = Release|iPhoneSimulator
		{BC8ADC80-A2A2-4287-A50B-4A6AE20F5384}.Debug|Any CPU.ActiveCfg = Debug|Any CPU
		{BC8ADC80-A2A2-4287-A50B-4A6AE20F5384}.Debug|Any CPU.Build.0 = Debug|Any CPU
		{BC8ADC80-A2A2-4287-A50B-4A6AE20F5384}.Debug|Any CPU.Deploy.0 = Debug|Any CPU
		{BC8ADC80-A2A2-4287-A50B-4A6AE20F5384}.Debug|iPhone.ActiveCfg = Debug|Any CPU
		{BC8ADC80-A2A2-4287-A50B-4A6AE20F5384}.Debug|iPhone.Build.0 = Debug|Any CPU
		{BC8ADC80-A2A2-4287-A50B-4A6AE20F5384}.Debug|iPhone.Deploy.0 = Debug|Any CPU
		{BC8ADC80-A2A2-4287-A50B-4A6AE20F5384}.Debug|iPhoneSimulator.ActiveCfg = Debug|Any CPU
		{BC8ADC80-A2A2-4287-A50B-4A6AE20F5384}.Debug|iPhoneSimulator.Build.0 = Debug|Any CPU
		{BC8ADC80-A2A2-4287-A50B-4A6AE20F5384}.Debug|iPhoneSimulator.Deploy.0 = Debug|Any CPU
		{BC8ADC80-A2A2-4287-A50B-4A6AE20F5384}.Release|Any CPU.ActiveCfg = Release|Any CPU
		{BC8ADC80-A2A2-4287-A50B-4A6AE20F5384}.Release|Any CPU.Build.0 = Release|Any CPU
		{BC8ADC80-A2A2-4287-A50B-4A6AE20F5384}.Release|Any CPU.Deploy.0 = Release|Any CPU
		{BC8ADC80-A2A2-4287-A50B-4A6AE20F5384}.Release|iPhone.ActiveCfg = Release|Any CPU
		{BC8ADC80-A2A2-4287-A50B-4A6AE20F5384}.Release|iPhone.Build.0 = Release|Any CPU
		{BC8ADC80-A2A2-4287-A50B-4A6AE20F5384}.Release|iPhone.Deploy.0 = Release|Any CPU
		{BC8ADC80-A2A2-4287-A50B-4A6AE20F5384}.Release|iPhoneSimulator.ActiveCfg = Release|Any CPU
		{BC8ADC80-A2A2-4287-A50B-4A6AE20F5384}.Release|iPhoneSimulator.Build.0 = Release|Any CPU
		{BC8ADC80-A2A2-4287-A50B-4A6AE20F5384}.Release|iPhoneSimulator.Deploy.0 = Release|Any CPU
	EndGlobalSection
	GlobalSection(SolutionProperties) = preSolution
		HideSolutionNode = FALSE
	EndGlobalSection
	GlobalSection(ExtensibilityGlobals) = postSolution
		SolutionGuid = {80E6C1AA-5F43-4057-8BF2-C0722DAF6459}
	EndGlobalSection
EndGlobal
